
Microsoft Visual Studio Solution File, Format Version 12.00
# Visual Studio Version 16
VisualStudioVersion = 16.0.30611.23
MinimumVisualStudioVersion = 10.0.40219.1
Project("{FAE04EC0-301F-11D3-BF4B-00C04F79EFBC}") = "Dictionary", "Dictionary\Dictionary.csproj", "{D578E08F-E5CD-4552-802C-4C47BB7E353A}"
EndProject
Global
	GlobalSection(SolutionConfigurationPlatforms) = preSolution
		Debug|Any CPU = Debug|Any CPU
		Release|Any CPU = Release|Any CPU
	EndGlobalSection
	GlobalSection(ProjectConfigurationPlatforms) = postSolution
		{D578E08F-E5CD-4552-802C-4C47BB7E353A}.Debug|Any CPU.ActiveCfg = Debug|Any CPU
		{D578E08F-E5CD-4552-802C-4C47BB7E353A}.Debug|Any CPU.Build.0 = Debug|Any CPU
		{D578E08F-E5CD-4552-802C-4C47BB7E353A}.Release|Any CPU.ActiveCfg = Release|Any CPU
		{D578E08F-E5CD-4552-802C-4C47BB7E353A}.Release|Any CPU.Build.0 = Release|Any CPU
	EndGlobalSection
	GlobalSection(SolutionProperties) = preSolution
		HideSolutionNode = FALSE
	EndGlobalSection
	GlobalSection(ExtensibilityGlobals) = postSolution
		SolutionGuid = {718A02E3-26B6-4B8C-B802-01C7B842CB68}
	EndGlobalSection
EndGlobal
